
Microsoft Visual Studio Solution File, Format Version 12.00
# Visual Studio 15
VisualStudioVersion = 15.0.27703.2042
MinimumVisualStudioVersion = 10.0.40219.1
Project("{8BC9CEB8-8B4A-11D0-8D11-00A0C91BC942}") = "词法分析系列程序", "词法分析系列程序\词法分析系列程序.vcxproj", "{CECA7224-C347-4CE5-9BE2-1773CCBCDC21}"
EndProject
Global
	GlobalSection(SolutionConfigurationPlatforms) = preSolution
		Debug|x64 = Debug|x64
		Debug|x86 = Debug|x86
		Release|x64 = Release|x64
		Release|x86 = Release|x86
	EndGlobalSection
	GlobalSection(ProjectConfigurationPlatforms) = postSolution
		{CECA7224-C347-4CE5-9BE2-1773CCBCDC21}.Debug|x64.ActiveCfg = Debug|x64
		{CECA7224-C347-4CE5-9BE2-1773CCBCDC21}.Debug|x64.Build.0 = Debug|x64
		{CECA7224-C347-4CE5-9BE2-1773CCBCDC21}.Debug|x86.ActiveCfg = Debug|Win32
		{CECA7224-C347-4CE5-9BE2-1773CCBCDC21}.Debug|x86.Build.0 = Debug|Win32
		{CECA7224-C347-4CE5-9BE2-1773CCBCDC21}.Release|x64.ActiveCfg = Release|x64
		{CECA7224-C347-4CE5-9BE2-1773CCBCDC21}.Release|x64.Build.0 = Release|x64
		{CECA7224-C347-4CE5-9BE2-1773CCBCDC21}.Release|x86.ActiveCfg = Release|Win32
		{CECA7224-C347-4CE5-9BE2-1773CCBCDC21}.Release|x86.Build.0 = Release|Win32
	EndGlobalSection
	GlobalSection(SolutionProperties) = preSolution
		HideSolutionNode = FALSE
	EndGlobalSection
	GlobalSection(ExtensibilityGlobals) = postSolution
		SolutionGuid = {F5063441-4C43-4860-B5B6-883F9ED120A1}
	EndGlobalSection
EndGlobal
